
Microsoft Visual Studio Solution File, Format Version 12.00
# Visual Studio Version 17
VisualStudioVersion = 17.3.32929.385
MinimumVisualStudioVersion = 10.0.40219.1
Project("{FAE04EC0-301F-11D3-BF4B-00C04F79EFBC}") = "PotionCraft_AutoHaggle", "PotionCraft_AutoHaggle\PotionCraft_AutoHaggle.csproj", "{A303EB13-CCF5-4544-BF64-A56DDA5E1AAE}"
EndProject
Global
	GlobalSection(SolutionConfigurationPlatforms) = preSolution
		Debug|Any CPU = Debug|Any CPU
		Release|Any CPU = Release|Any CPU
	EndGlobalSection
	GlobalSection(ProjectConfigurationPlatforms) = postSolution
		{A303EB13-CCF5-4544-BF64-A56DDA5E1AAE}.Debug|Any CPU.ActiveCfg = Debug|Any CPU
		{A303EB13-CCF5-4544-BF64-A56DDA5E1AAE}.Debug|Any CPU.Build.0 = Debug|Any CPU
		{A303EB13-CCF5-4544-BF64-A56DDA5E1AAE}.Release|Any CPU.ActiveCfg = Release|Any CPU
		{A303EB13-CCF5-4544-BF64-A56DDA5E1AAE}.Release|Any CPU.Build.0 = Release|Any CPU
	EndGlobalSection
	GlobalSection(SolutionProperties) = preSolution
		HideSolutionNode = FALSE
	EndGlobalSection
	GlobalSection(ExtensibilityGlobals) = postSolution
		SolutionGuid = {5B40C804-0A30-417C-9089-36318C7D70D1}
	EndGlobalSection
EndGlobal
